
Microsoft Visual Studio Solution File, Format Version 12.00
# Visual Studio 15
VisualStudioVersion = 15.0.28010.2041
MinimumVisualStudioVersion = 10.0.40219.1
Project("{FAE04EC0-301F-11D3-BF4B-00C04F79EFBC}") = "AirTicket", "AirTicket\AirTicket.csproj", "{2AA29344-9F37-41B6-B71E-FFEC993FC34E}"
EndProject
Global
	GlobalSection(SolutionConfigurationPlatforms) = preSolution
		Debug|Any CPU = Debug|Any CPU
		Release|Any CPU = Release|Any CPU
	EndGlobalSection
	GlobalSection(ProjectConfigurationPlatforms) = postSolution
		{2AA29344-9F37-41B6-B71E-FFEC993FC34E}.Debug|Any CPU.ActiveCfg = Debug|Any CPU
		{2AA29344-9F37-41B6-B71E-FFEC993FC34E}.Debug|Any CPU.Build.0 = Debug|Any CPU
		{2AA29344-9F37-41B6-B71E-FFEC993FC34E}.Release|Any CPU.ActiveCfg = Release|Any CPU
		{2AA29344-9F37-41B6-B71E-FFEC993FC34E}.Release|Any CPU.Build.0 = Release|Any CPU
	EndGlobalSection
	GlobalSection(SolutionProperties) = preSolution
		HideSolutionNode = FALSE
	EndGlobalSection
	GlobalSection(ExtensibilityGlobals) = postSolution
		SolutionGuid = {648DA24E-FE65-452A-957B-45919D714144}
	EndGlobalSection
EndGlobal
